
Microsoft Visual Studio Solution File, Format Version 12.00
# Visual Studio Version 16
VisualStudioVersion = 16.0.31729.503
MinimumVisualStudioVersion = 10.0.40219.1
Project("{8BC9CEB8-8B4A-11D0-8D11-00A0C91BC942}") = "CG House", "CG House\CG House.vcxproj", "{78F0DC9B-A315-4231-A25F-ED075B96F5FA}"
EndProject
Global
	GlobalSection(SolutionConfigurationPlatforms) = preSolution
		Debug|x64 = Debug|x64
		Debug|x86 = Debug|x86
		Release|x64 = Release|x64
		Release|x86 = Release|x86
	EndGlobalSection
	GlobalSection(ProjectConfigurationPlatforms) = postSolution
		{78F0DC9B-A315-4231-A25F-ED075B96F5FA}.Debug|x64.ActiveCfg = Debug|x64
		{78F0DC9B-A315-4231-A25F-ED075B96F5FA}.Debug|x64.Build.0 = Debug|x64
		{78F0DC9B-A315-4231-A25F-ED075B96F5FA}.Debug|x86.ActiveCfg = Debug|Win32
		{78F0DC9B-A315-4231-A25F-ED075B96F5FA}.Debug|x86.Build.0 = Debug|Win32
		{78F0DC9B-A315-4231-A25F-ED075B96F5FA}.Release|x64.ActiveCfg = Release|x64
		{78F0DC9B-A315-4231-A25F-ED075B96F5FA}.Release|x64.Build.0 = Release|x64
		{78F0DC9B-A315-4231-A25F-ED075B96F5FA}.Release|x86.ActiveCfg = Release|Win32
		{78F0DC9B-A315-4231-A25F-ED075B96F5FA}.Release|x86.Build.0 = Release|Win32
	EndGlobalSection
	GlobalSection(SolutionProperties) = preSolution
		HideSolutionNode = FALSE
	EndGlobalSection
	GlobalSection(ExtensibilityGlobals) = postSolution
		SolutionGuid = {E1109550-6FBB-40A9-A437-267407FD6BFB}
	EndGlobalSection
EndGlobal
